
Microsoft Visual Studio Solution File, Format Version 12.00
# Visual Studio Version 17
VisualStudioVersion = 17.2.32602.215
MinimumVisualStudioVersion = 10.0.40219.1
Project("{FAE04EC0-301F-11D3-BF4B-00C04F79EFBC}") = "BlockChainTest", "BlockChainTest.csproj", "{60AB994F-FA09-4D1F-AF89-220E1B1CC4D2}"
EndProject
Global
	GlobalSection(SolutionConfigurationPlatforms) = preSolution
		Debug|Any CPU = Debug|Any CPU
		Release|Any CPU = Release|Any CPU
	EndGlobalSection
	GlobalSection(ProjectConfigurationPlatforms) = postSolution
		{60AB994F-FA09-4D1F-AF89-220E1B1CC4D2}.Debug|Any CPU.ActiveCfg = Debug|Any CPU
		{60AB994F-FA09-4D1F-AF89-220E1B1CC4D2}.Debug|Any CPU.Build.0 = Debug|Any CPU
		{60AB994F-FA09-4D1F-AF89-220E1B1CC4D2}.Release|Any CPU.ActiveCfg = Release|Any CPU
		{60AB994F-FA09-4D1F-AF89-220E1B1CC4D2}.Release|Any CPU.Build.0 = Release|Any CPU
	EndGlobalSection
	GlobalSection(SolutionProperties) = preSolution
		HideSolutionNode = FALSE
	EndGlobalSection
	GlobalSection(ExtensibilityGlobals) = postSolution
		SolutionGuid = {A68B828C-696F-43DD-8016-5B9AF311A465}
	EndGlobalSection
EndGlobal
